
Microsoft Visual Studio Solution File, Format Version 12.00
# Visual Studio Version 16
VisualStudioVersion = 16.0.31702.278
MinimumVisualStudioVersion = 10.0.40219.1
Project("{9A19103F-16F7-4668-BE54-9A1E7A4F7556}") = "PhotoVoir.Domain", "PhotoTopia.Domain\PhotoVoir.Domain.csproj", "{4BC05A19-403C-4173-9C51-760525519790}"
EndProject
Project("{FAE04EC0-301F-11D3-BF4B-00C04F79EFBC}") = "PhotoVoir.UI", "PhotoVoir.UI\PhotoVoir.UI.csproj", "{9920CDF4-D7F5-45E1-9991-3433B78BF0B3}"
EndProject
Global
	GlobalSection(SolutionConfigurationPlatforms) = preSolution
		Debug|Any CPU = Debug|Any CPU
		Release|Any CPU = Release|Any CPU
	EndGlobalSection
	GlobalSection(ProjectConfigurationPlatforms) = postSolution
		{4BC05A19-403C-4173-9C51-760525519790}.Debug|Any CPU.ActiveCfg = Debug|Any CPU
		{4BC05A19-403C-4173-9C51-760525519790}.Debug|Any CPU.Build.0 = Debug|Any CPU
		{4BC05A19-403C-4173-9C51-760525519790}.Release|Any CPU.ActiveCfg = Release|Any CPU
		{4BC05A19-403C-4173-9C51-760525519790}.Release|Any CPU.Build.0 = Release|Any CPU
		{9920CDF4-D7F5-45E1-9991-3433B78BF0B3}.Debug|Any CPU.ActiveCfg = Debug|Any CPU
		{9920CDF4-D7F5-45E1-9991-3433B78BF0B3}.Debug|Any CPU.Build.0 = Debug|Any CPU
		{9920CDF4-D7F5-45E1-9991-3433B78BF0B3}.Release|Any CPU.ActiveCfg = Release|Any CPU
		{9920CDF4-D7F5-45E1-9991-3433B78BF0B3}.Release|Any CPU.Build.0 = Release|Any CPU
	EndGlobalSection
	GlobalSection(SolutionProperties) = preSolution
		HideSolutionNode = FALSE
	EndGlobalSection
	GlobalSection(ExtensibilityGlobals) = postSolution
		SolutionGuid = {96FA4B6A-4079-4A91-877C-A45A5135D0E0}
	EndGlobalSection
EndGlobal
